
Microsoft Visual Studio Solution File, Format Version 12.00
# Visual Studio Version 16
VisualStudioVersion = 16.0.30907.101
MinimumVisualStudioVersion = 10.0.40219.1
Project("{9A19103F-16F7-4668-BE54-9A1E7A4F7556}") = "Pds.Web", "Pds.Web\Pds.Web.csproj", "{70D0A540-869E-48C3-8693-81A466F52070}"
EndProject
Project("{9A19103F-16F7-4668-BE54-9A1E7A4F7556}") = "Pds.Api", "Pds.Api\Pds.Api.csproj", "{6CD3D49C-679E-4F07-8344-866926857373}"
EndProject
Project("{9A19103F-16F7-4668-BE54-9A1E7A4F7556}") = "Pds.Services", "Pds.Services\Pds.Services.csproj", "{FA52EFCC-10D8-4B31-A6BC-E86B7F9B6753}"
EndProject
Project("{2150E333-8FDC-42A3-9474-1A3956D46DE8}") = "Presentation", "Presentation", "{FB70D122-7D53-49E2-9680-760DAE508286}"
EndProject
Project("{2150E333-8FDC-42A3-9474-1A3956D46DE8}") = "Domain", "Domain", "{F4B0BD8D-1529-40B7-A017-559FC18269BA}"
EndProject
Project("{2150E333-8FDC-42A3-9474-1A3956D46DE8}") = "Mapping", "Mapping", "{10162F49-1C3A-443C-8BE9-AC9DEDFF168A}"
EndProject
Project("{2150E333-8FDC-42A3-9474-1A3956D46DE8}") = "Data Access", "Data Access", "{E305819E-3F5A-47BB-9909-A726F3B307F1}"
EndProject
Project("{2150E333-8FDC-42A3-9474-1A3956D46DE8}") = "Application", "Application", "{01508F24-F56C-4FA3-9EFC-5C89BAE8A787}"
EndProject
Project("{FAE04EC0-301F-11D3-BF4B-00C04F79EFBC}") = "Pds.Interfaces", "Pds.Interfaces\Pds.Interfaces.csproj", "{6741110A-9500-4759-8154-C0A4E249528D}"
EndProject
Project("{FAE04EC0-301F-11D3-BF4B-00C04F79EFBC}") = "Pds.Models", "Pds.Models\Pds.Models.csproj", "{6672019A-6F30-44E9-970A-8EE83D62E0DB}"
EndProject
Project("{FAE04EC0-301F-11D3-BF4B-00C04F79EFBC}") = "Pds.Data", "Pds.Data\Pds.Data.csproj", "{5A07848E-E023-4DFB-986B-30818C8F3BC8}"
EndProject
Project("{FAE04EC0-301F-11D3-BF4B-00C04F79EFBC}") = "Pds.Tests", "Pds.Tests\Pds.Tests.csproj", "{49D2FAE6-43F6-476B-9878-DD3F812E7FCA}"
EndProject
Project("{2150E333-8FDC-42A3-9474-1A3956D46DE8}") = "Tests", "Tests", "{4ECEB4B6-DB33-4434-A653-00A5D9A4DE43}"
EndProject
Project("{FAE04EC0-301F-11D3-BF4B-00C04F79EFBC}") = "Pds.Mapping", "Pds.Mapping\Pds.Mapping.csproj", "{94F19C90-B91D-46AD-B76B-7B484EC8EA8D}"
EndProject
Project("{FAE04EC0-301F-11D3-BF4B-00C04F79EFBC}") = "Pds.Core", "Pds.Core\Pds.Core.csproj", "{9A9FB9DA-32AF-41F8-98C8-CF59D9843747}"
EndProject
Global
	GlobalSection(SolutionConfigurationPlatforms) = preSolution
		Debug|Any CPU = Debug|Any CPU
		Release|Any CPU = Release|Any CPU
	EndGlobalSection
	GlobalSection(ProjectConfigurationPlatforms) = postSolution
		{70D0A540-869E-48C3-8693-81A466F52070}.Debug|Any CPU.ActiveCfg = Debug|Any CPU
		{70D0A540-869E-48C3-8693-81A466F52070}.Debug|Any CPU.Build.0 = Debug|Any CPU
		{70D0A540-869E-48C3-8693-81A466F52070}.Release|Any CPU.ActiveCfg = Release|Any CPU
		{70D0A540-869E-48C3-8693-81A466F52070}.Release|Any CPU.Build.0 = Release|Any CPU
		{6CD3D49C-679E-4F07-8344-866926857373}.Debug|Any CPU.ActiveCfg = Debug|Any CPU
		{6CD3D49C-679E-4F07-8344-866926857373}.Debug|Any CPU.Build.0 = Debug|Any CPU
		{6CD3D49C-679E-4F07-8344-866926857373}.Release|Any CPU.ActiveCfg = Release|Any CPU
		{6CD3D49C-679E-4F07-8344-866926857373}.Release|Any CPU.Build.0 = Release|Any CPU
		{FA52EFCC-10D8-4B31-A6BC-E86B7F9B6753}.Debug|Any CPU.ActiveCfg = Debug|Any CPU
		{FA52EFCC-10D8-4B31-A6BC-E86B7F9B6753}.Debug|Any CPU.Build.0 = Debug|Any CPU
		{FA52EFCC-10D8-4B31-A6BC-E86B7F9B6753}.Release|Any CPU.ActiveCfg = Release|Any CPU
		{FA52EFCC-10D8-4B31-A6BC-E86B7F9B6753}.Release|Any CPU.Build.0 = Release|Any CPU
		{6741110A-9500-4759-8154-C0A4E249528D}.Debug|Any CPU.ActiveCfg = Debug|Any CPU
		{6741110A-9500-4759-8154-C0A4E249528D}.Debug|Any CPU.Build.0 = Debug|Any CPU
		{6741110A-9500-4759-8154-C0A4E249528D}.Release|Any CPU.ActiveCfg = Release|Any CPU
		{6741110A-9500-4759-8154-C0A4E249528D}.Release|Any CPU.Build.0 = Release|Any CPU
		{6672019A-6F30-44E9-970A-8EE83D62E0DB}.Debug|Any CPU.ActiveCfg = Debug|Any CPU
		{6672019A-6F30-44E9-970A-8EE83D62E0DB}.Debug|Any CPU.Build.0 = Debug|Any CPU
		{6672019A-6F30-44E9-970A-8EE83D62E0DB}.Release|Any CPU.ActiveCfg = Release|Any CPU
		{6672019A-6F30-44E9-970A-8EE83D62E0DB}.Release|Any CPU.Build.0 = Release|Any CPU
		{5A07848E-E023-4DFB-986B-30818C8F3BC8}.Debug|Any CPU.ActiveCfg = Debug|Any CPU
		{5A07848E-E023-4DFB-986B-30818C8F3BC8}.Debug|Any CPU.Build.0 = Debug|Any CPU
		{5A07848E-E023-4DFB-986B-30818C8F3BC8}.Release|Any CPU.ActiveCfg = Release|Any CPU
		{5A07848E-E023-4DFB-986B-30818C8F3BC8}.Release|Any CPU.Build.0 = Release|Any CPU
		{49D2FAE6-43F6-476B-9878-DD3F812E7FCA}.Debug|Any CPU.ActiveCfg = Debug|Any CPU
		{49D2FAE6-43F6-476B-9878-DD3F812E7FCA}.Debug|Any CPU.Build.0 = Debug|Any CPU
		{49D2FAE6-43F6-476B-9878-DD3F812E7FCA}.Release|Any CPU.ActiveCfg = Release|Any CPU
		{49D2FAE6-43F6-476B-9878-DD3F812E7FCA}.Release|Any CPU.Build.0 = Release|Any CPU
		{94F19C90-B91D-46AD-B76B-7B484EC8EA8D}.Debug|Any CPU.ActiveCfg = Debug|Any CPU
		{94F19C90-B91D-46AD-B76B-7B484EC8EA8D}.Debug|Any CPU.Build.0 = Debug|Any CPU
		{94F19C90-B91D-46AD-B76B-7B484EC8EA8D}.Release|Any CPU.ActiveCfg = Release|Any CPU
		{94F19C90-B91D-46AD-B76B-7B484EC8EA8D}.Release|Any CPU.Build.0 = Release|Any CPU
		{9A9FB9DA-32AF-41F8-98C8-CF59D9843747}.Debug|Any CPU.ActiveCfg = Debug|Any CPU
		{9A9FB9DA-32AF-41F8-98C8-CF59D9843747}.Debug|Any CPU.Build.0 = Debug|Any CPU
		{9A9FB9DA-32AF-41F8-98C8-CF59D9843747}.Release|Any CPU.ActiveCfg = Release|Any CPU
		{9A9FB9DA-32AF-41F8-98C8-CF59D9843747}.Release|Any CPU.Build.0 = Release|Any CPU
	EndGlobalSection
	GlobalSection(SolutionProperties) = preSolution
		HideSolutionNode = FALSE
	EndGlobalSection
	GlobalSection(NestedProjects) = preSolution
		{70D0A540-869E-48C3-8693-81A466F52070} = {FB70D122-7D53-49E2-9680-760DAE508286}
		{6CD3D49C-679E-4F07-8344-866926857373} = {01508F24-F56C-4FA3-9EFC-5C89BAE8A787}
		{FA52EFCC-10D8-4B31-A6BC-E86B7F9B6753} = {01508F24-F56C-4FA3-9EFC-5C89BAE8A787}
		{6741110A-9500-4759-8154-C0A4E249528D} = {F4B0BD8D-1529-40B7-A017-559FC18269BA}
		{6672019A-6F30-44E9-970A-8EE83D62E0DB} = {F4B0BD8D-1529-40B7-A017-559FC18269BA}
		{5A07848E-E023-4DFB-986B-30818C8F3BC8} = {E305819E-3F5A-47BB-9909-A726F3B307F1}
		{49D2FAE6-43F6-476B-9878-DD3F812E7FCA} = {4ECEB4B6-DB33-4434-A653-00A5D9A4DE43}
		{94F19C90-B91D-46AD-B76B-7B484EC8EA8D} = {10162F49-1C3A-443C-8BE9-AC9DEDFF168A}
		{9A9FB9DA-32AF-41F8-98C8-CF59D9843747} = {01508F24-F56C-4FA3-9EFC-5C89BAE8A787}
	EndGlobalSection
	GlobalSection(ExtensibilityGlobals) = postSolution
		SolutionGuid = {4F2BDDEC-EB42-45B9-9F49-B8D59C2C7EE1}
	EndGlobalSection
EndGlobal
